{
  "name": "npm-git-shrink",
  "version": "1.0.0",
  "lockfileVersion": 1,
  "requires": true,
  "dependencies": {
    "test": {
      "version": "git+https://github.com/vladikoff/Test.git#028a5421378b9dd700f9827a23432865ce9ac2f8",
      "from": "git+https://github.com/vladikoff/Test.git#master"
    }
  }
}
